<?xml version="1.0" encoding="utf-8"?>
<Project ToolsVersion="4.0" xmlns="http://schemas.microsoft.com/developer/msbuild/2003">
  <ItemGroup>
    <ClCompile Include="pch.cpp" />
    <ClCompile Include="..\myoddweb.directorywatcher.win\utils\Collector.cpp">
      <Filter>win\utils</Filter>
    </ClCompile>
    <ClCompile Include="..\myoddweb.directorywatcher.win\utils\Lock.cpp">
      <Filter>win\utils</Filter>
    </ClCompile>
    <ClCompile Include="..\myoddweb.directorywatcher.win\utils\Io.cpp">
      <Filter>win\utils</Filter>
    </ClCompile>
    <ClCompile Include="IoTests.cpp" />
    <ClCompile Include="CollectorTests.cpp" />
    <ClCompile Include="MonitorDataTests.cpp" />
    <ClCompile Include="..\myoddweb.directorywatcher.win\monitors\win\Data.cpp">
      <Filter>win\monitors\win</Filter>
    </ClCompile>
    <ClCompile Include="..\myoddweb.directorywatcher.win\monitors\WinMonitor.cpp">
      <Filter>win\monitors</Filter>
    </ClCompile>
    <ClCompile Include="..\myoddweb.directorywatcher.win\monitors\Monitor.cpp">
      <Filter>win\monitors</Filter>
    </ClCompile>
    <ClCompile Include="..\myoddweb.directorywatcher.win\monitors\win\Common.cpp">
      <Filter>win\monitors\win</Filter>
    </ClCompile>
    <ClCompile Include="..\myoddweb.directorywatcher.win\monitors\win\Directories.cpp">
      <Filter>win\monitors\win</Filter>
    </ClCompile>
    <ClCompile Include="..\myoddweb.directorywatcher.win\monitors\win\Files.cpp">
      <Filter>win\monitors\win</Filter>
    </ClCompile>
    <ClCompile Include="..\packages\googletest-release-1.10.0\googletest\src\gtest_main.cc">
      <Filter>win\google\src</Filter>
    </ClCompile>
    <ClCompile Include="..\packages\googletest-release-1.10.0\googletest\src\gtest-all.cc">
      <Filter>win\google\src</Filter>
    </ClCompile>
    <ClCompile Include="..\myoddweb.directorywatcher.win\utils\MonitorsManager.cpp">
      <Filter>win\utils</Filter>
    </ClCompile>
    <ClCompile Include="..\myoddweb.directorywatcher.win\monitors\MultipleWinMonitor.cpp">
      <Filter>win\monitors</Filter>
    </ClCompile>
    <ClCompile Include="RequestTest.cpp" />
    <ClCompile Include="MonitorsManagerTestsAdd.cpp" />
    <ClCompile Include="MonitorsManagerTestsDelete.cpp" />
    <ClCompile Include="MonitorsManagerTestHelper.cpp" />
    <ClCompile Include="..\myoddweb.directorywatcher.win\utils\Wait.cpp">
      <Filter>win\utils</Filter>
    </ClCompile>
    <ClCompile Include="MonitorsManagerEdge.cpp" />
    <ClCompile Include="..\myoddweb.directorywatcher.win\utils\Threads\CallbackWorker.cpp">
      <Filter>win\utils\Threads</Filter>
    </ClCompile>
    <ClCompile Include="..\myoddweb.directorywatcher.win\utils\Threads\Thread.cpp">
      <Filter>win\utils\Threads</Filter>
    </ClCompile>
    <ClCompile Include="..\myoddweb.directorywatcher.win\utils\Threads\Worker.cpp">
      <Filter>win\utils\Threads</Filter>
    </ClCompile>
    <ClCompile Include="..\myoddweb.directorywatcher.win\utils\Threads\WorkerPool.cpp">
      <Filter>win\utils\Threads</Filter>
    </ClCompile>
    <ClCompile Include="WorkerPoolTest.cpp" />
    <ClCompile Include="..\myoddweb.directorywatcher.win\monitors\EventsPublisher.cpp">
      <Filter>win\monitors</Filter>
    </ClCompile>
    <ClCompile Include="WorkerTest.cpp" />
  </ItemGroup>
  <ItemGroup>
    <ClInclude Include="pch.h" />
    <ClInclude Include="..\myoddweb.directorywatcher.win\utils\Collector.h">
      <Filter>win\utils</Filter>
    </ClInclude>
    <ClInclude Include="..\myoddweb.directorywatcher.win\utils\Event.h">
      <Filter>win\utils</Filter>
    </ClInclude>
    <ClInclude Include="..\myoddweb.directorywatcher.win\utils\Lock.h">
      <Filter>win\utils</Filter>
    </ClInclude>
    <ClInclude Include="..\myoddweb.directorywatcher.win\utils\Io.h">
      <Filter>win\utils</Filter>
    </ClInclude>
    <ClInclude Include="..\myoddweb.directorywatcher.win\monitors\win\Data.h">
      <Filter>win\monitors\win</Filter>
    </ClInclude>
    <ClInclude Include="..\myoddweb.directorywatcher.win\monitors\WinMonitor.h">
      <Filter>win\monitors</Filter>
    </ClInclude>
    <ClInclude Include="..\myoddweb.directorywatcher.win\utils\Request.h">
      <Filter>win\utils</Filter>
    </ClInclude>
    <ClInclude Include="..\myoddweb.directorywatcher.win\monitors\Base.h">
      <Filter>win\monitors</Filter>
    </ClInclude>
    <ClInclude Include="..\myoddweb.directorywatcher.win\monitors\Monitor.h">
      <Filter>win\monitors</Filter>
    </ClInclude>
    <ClInclude Include="..\myoddweb.directorywatcher.win\monitors\win\Common.h">
      <Filter>win\monitors\win</Filter>
    </ClInclude>
    <ClInclude Include="..\myoddweb.directorywatcher.win\monitors\win\Directories.h">
      <Filter>win\monitors\win</Filter>
    </ClInclude>
    <ClInclude Include="..\myoddweb.directorywatcher.win\monitors\win\Files.h">
      <Filter>win\monitors\win</Filter>
    </ClInclude>
    <ClInclude Include="..\myoddweb.directorywatcher.win\utils\EventAction.h">
      <Filter>win\utils</Filter>
    </ClInclude>
    <ClInclude Include="..\myoddweb.directorywatcher.win\utils\EventError.h">
      <Filter>win\utils</Filter>
    </ClInclude>
    <ClInclude Include="..\myoddweb.directorywatcher.win\utils\EventInformation.h">
      <Filter>win\utils</Filter>
    </ClInclude>
    <ClInclude Include="..\myoddweb.directorywatcher.win\utils\Instrumentor.h">
      <Filter>win\utils</Filter>
    </ClInclude>
    <ClInclude Include="..\myoddweb.directorywatcher.win\utils\MonitorsManager.h">
      <Filter>win\utils</Filter>
    </ClInclude>
    <ClInclude Include="..\myoddweb.directorywatcher.win\utils\Timer.h">
      <Filter>win\utils</Filter>
    </ClInclude>
    <ClInclude Include="..\myoddweb.directorywatcher.win\monitors\Callbacks.h">
      <Filter>win\monitors</Filter>
    </ClInclude>
    <ClInclude Include="..\myoddweb.directorywatcher.win\monitors\MultipleWinMonitor.h">
      <Filter>win\monitors</Filter>
    </ClInclude>
    <ClInclude Include="MonitorsManagerTestHelper.h" />
    <ClInclude Include="..\myoddweb.directorywatcher.win\utils\Wait.h">
      <Filter>win\utils</Filter>
    </ClInclude>
    <ClInclude Include="..\myoddweb.directorywatcher.win\utils\Threads\CallbackWorker.h">
      <Filter>win\utils\Threads</Filter>
    </ClInclude>
    <ClInclude Include="..\myoddweb.directorywatcher.win\utils\Threads\Thread.h">
      <Filter>win\utils\Threads</Filter>
    </ClInclude>
    <ClInclude Include="..\myoddweb.directorywatcher.win\utils\Threads\WaitResult.h">
      <Filter>win\utils\Threads</Filter>
    </ClInclude>
    <ClInclude Include="..\myoddweb.directorywatcher.win\utils\Threads\Worker.h">
      <Filter>win\utils\Threads</Filter>
    </ClInclude>
    <ClInclude Include="..\myoddweb.directorywatcher.win\utils\Threads\WorkerPool.h">
      <Filter>win\utils\Threads</Filter>
    </ClInclude>
    <ClInclude Include="..\myoddweb.directorywatcher.win\monitors\EventsPublisher.h">
      <Filter>win\monitors</Filter>
    </ClInclude>
    <ClInclude Include="WorkerHelper.h" />
  </ItemGroup>
  <ItemGroup>
    <Filter Include="win">
      <UniqueIdentifier>{d65dc9bf-8756-40dc-b329-69d8fe96a46c}</UniqueIdentifier>
    </Filter>
    <Filter Include="win\utils">
      <UniqueIdentifier>{a5c75545-6246-46eb-b482-0d0bbb707d05}</UniqueIdentifier>
    </Filter>
    <Filter Include="win\monitors">
      <UniqueIdentifier>{196163e7-58dd-46a6-8a8e-4745c9020cf8}</UniqueIdentifier>
    </Filter>
    <Filter Include="win\monitors\win">
      <UniqueIdentifier>{d7f01a23-2e7a-4522-a337-e4de149356ff}</UniqueIdentifier>
    </Filter>
    <Filter Include="win\google">
      <UniqueIdentifier>{f96138d9-c419-4118-91ae-9e8155c5d35f}</UniqueIdentifier>
    </Filter>
    <Filter Include="win\google\src">
      <UniqueIdentifier>{06de64de-ba19-41a8-90ab-44f92b6a9389}</UniqueIdentifier>
    </Filter>
    <Filter Include="win\utils\Threads">
      <UniqueIdentifier>{fde8e96b-ce07-4599-986c-c41340acd90f}</UniqueIdentifier>
    </Filter>
  </ItemGroup>
</Project>