<?xml version="1.0" encoding="utf-8"?>
<Project ToolsVersion="4.0" xmlns="http://schemas.microsoft.com/developer/msbuild/2003">
  <ItemGroup>
    <ClCompile Include="core\Importer.cpp" />
    <ClCompile Include="myoddweb.directorywatcher.interop.cpp" />
    <ClCompile Include="stdafx.cpp" />
    <ClCompile Include="watcher.cpp" />
    <ClCompile Include="core\Watcher1.cpp">
      <Filter>Core</Filter>
    </ClCompile>
  </ItemGroup>
  <ItemGroup>
    <ClInclude Include="core\Errors.h" />
    <ClInclude Include="core\Event.h" />
    <ClInclude Include="core\Functions.h" />
    <ClInclude Include="core\FunctionTypes.h" />
    <ClInclude Include="core\Importer.h" />
    <ClInclude Include="core\Request.h" />
    <ClInclude Include="stdafx.h" />
    <ClInclude Include="targetver.h" />
    <ClInclude Include="watcher.h" />
    <ClInclude Include="core\Watcher1.h">
      <Filter>Core</Filter>
    </ClInclude>
  </ItemGroup>
  <ItemGroup>
    <Filter Include="Core">
      <UniqueIdentifier>{0269c505-504f-4aa2-95d3-4eb3596ff3a7}</UniqueIdentifier>
    </Filter>
  </ItemGroup>
</Project>