<?xml version="1.0" encoding="utf-8"?>
<Project ToolsVersion="4.0" xmlns="http://schemas.microsoft.com/developer/msbuild/2003">
  <ItemGroup>
    <ClCompile Include="stdafx.cpp" />
    <ClCompile Include="watcher.cpp" />
    <ClCompile Include="utils\Lock.cpp">
      <Filter>utils</Filter>
    </ClCompile>
    <ClCompile Include="monitors\Monitor.cpp">
      <Filter>monitors</Filter>
    </ClCompile>
    <ClCompile Include="utils\MonitorsManager.cpp">
      <Filter>utils</Filter>
    </ClCompile>
    <ClCompile Include="utils\Collector.cpp">
      <Filter>utils</Filter>
    </ClCompile>
    <ClCompile Include="utils\Io.cpp">
      <Filter>utils</Filter>
    </ClCompile>
    <ClCompile Include="monitors\MonitorData.cpp">
      <Filter>monitors</Filter>
    </ClCompile>
    <ClCompile Include="monitors\win\MonitorCommon.cpp">
      <Filter>monitors\win</Filter>
    </ClCompile>
    <ClCompile Include="monitors\win\MonitorDirectories.cpp">
      <Filter>monitors\win</Filter>
    </ClCompile>
    <ClCompile Include="monitors\win\MonitorFiles.cpp">
      <Filter>monitors\win</Filter>
    </ClCompile>
    <ClCompile Include="monitors\WinMonitor.cpp">
      <Filter>monitors</Filter>
    </ClCompile>
    <ClCompile Include="monitors\win\Data.cpp">
      <Filter>monitors\win</Filter>
    </ClCompile>
  </ItemGroup>
  <ItemGroup>
    <ClInclude Include="stdafx.h" />
    <ClInclude Include="targetver.h" />
    <ClInclude Include="watcher.h" />
    <ClInclude Include="utils\Lock.h">
      <Filter>utils</Filter>
    </ClInclude>
    <ClInclude Include="monitors\Monitor.h">
      <Filter>monitors</Filter>
    </ClInclude>
    <ClInclude Include="utils\MonitorsManager.h">
      <Filter>utils</Filter>
    </ClInclude>
    <ClInclude Include="utils\Collector.h">
      <Filter>utils</Filter>
    </ClInclude>
    <ClInclude Include="utils\EventInformation.h">
      <Filter>utils</Filter>
    </ClInclude>
    <ClInclude Include="utils\Request.h">
      <Filter>utils</Filter>
    </ClInclude>
    <ClInclude Include="utils\Event.h">
      <Filter>utils</Filter>
    </ClInclude>
    <ClInclude Include="utils\Io.h">
      <Filter>utils</Filter>
    </ClInclude>
    <ClInclude Include="utils\EventError.h">
      <Filter>utils</Filter>
    </ClInclude>
    <ClInclude Include="utils\EventAction.h">
      <Filter>utils</Filter>
    </ClInclude>
    <ClInclude Include="monitors\MonitorData.h">
      <Filter>monitors</Filter>
    </ClInclude>
    <ClInclude Include="monitors\win\MonitorCommon.h">
      <Filter>monitors\win</Filter>
    </ClInclude>
    <ClInclude Include="monitors\win\MonitorDirectories.h">
      <Filter>monitors\win</Filter>
    </ClInclude>
    <ClInclude Include="monitors\win\MonitorFiles.h">
      <Filter>monitors\win</Filter>
    </ClInclude>
    <ClInclude Include="monitors\WinMonitor.h">
      <Filter>monitors</Filter>
    </ClInclude>
    <ClInclude Include="monitors\win\Data.h">
      <Filter>monitors\win</Filter>
    </ClInclude>
  </ItemGroup>
  <ItemGroup>
    <Filter Include="utils">
      <UniqueIdentifier>{798423ec-87b2-4f2b-b95d-7f4fd1863a6c}</UniqueIdentifier>
    </Filter>
    <Filter Include="monitors">
      <UniqueIdentifier>{3a7a7900-1bb3-42f1-a795-90260895d559}</UniqueIdentifier>
    </Filter>
    <Filter Include="monitors\win">
      <UniqueIdentifier>{a32f6589-bd87-4036-806b-113b8ce4df6a}</UniqueIdentifier>
    </Filter>
  </ItemGroup>
</Project>