
Microsoft Visual Studio Solution File, Format Version 12.00
# Visual Studio 15
VisualStudioVersion = 15.0.28010.2036
MinimumVisualStudioVersion = 10.0.40219.1
Project("{8BC9CEB8-8B4A-11D0-8D11-00A0C91BC942}") = "myoddweb.directorywatcher.interop", "myoddweb.directorywatcher.interop\myoddweb.directorywatcher.interop.vcxproj", "{EA8DB2F9-BE88-4E1A-8EAE-F7D147FCA3B8}"
EndProject
Project("{8BC9CEB8-8B4A-11D0-8D11-00A0C91BC942}") = "myoddweb.directorywatcher.win", "myoddweb.directorywatcher.win\myoddweb.directorywatcher.win.vcxproj", "{B9B8A503-13E4-4F17-B59D-92452C927198}"
EndProject
Project("{FAE04EC0-301F-11D3-BF4B-00C04F79EFBC}") = "myoddweb.directorywatcher", "myoddweb.directorywatcher\myoddweb.directorywatcher.csproj", "{FC3A40B9-2EBF-4142-B130-011738408399}"
EndProject
Project("{FAE04EC0-301F-11D3-BF4B-00C04F79EFBC}") = "myoddweb.directorywatcher.sample", "myoddweb.directorywatcher.sample\myoddweb.directorywatcher.sample.csproj", "{32A5EF58-410B-41C2-9BDE-E709F2105C2B}"
EndProject
Project("{FAE04EC0-301F-11D3-BF4B-00C04F79EFBC}") = "myoddweb.directorywatcher.interfaces", "myoddweb.directorywatcher.interfaces\myoddweb.directorywatcher.interfaces.csproj", "{3E915537-8C2E-4331-B4DC-BE182E9B32F1}"
EndProject
Global
	GlobalSection(SolutionConfigurationPlatforms) = preSolution
		Debug|Any CPU = Debug|Any CPU
		Debug|x64 = Debug|x64
		Debug|x86 = Debug|x86
		Release|Any CPU = Release|Any CPU
		Release|x64 = Release|x64
		Release|x86 = Release|x86
	EndGlobalSection
	GlobalSection(ProjectConfigurationPlatforms) = postSolution
		{EA8DB2F9-BE88-4E1A-8EAE-F7D147FCA3B8}.Debug|Any CPU.ActiveCfg = Debug|Win32
		{EA8DB2F9-BE88-4E1A-8EAE-F7D147FCA3B8}.Debug|x64.ActiveCfg = Debug|x64
		{EA8DB2F9-BE88-4E1A-8EAE-F7D147FCA3B8}.Debug|x64.Build.0 = Debug|x64
		{EA8DB2F9-BE88-4E1A-8EAE-F7D147FCA3B8}.Debug|x86.ActiveCfg = Debug|Win32
		{EA8DB2F9-BE88-4E1A-8EAE-F7D147FCA3B8}.Debug|x86.Build.0 = Debug|Win32
		{EA8DB2F9-BE88-4E1A-8EAE-F7D147FCA3B8}.Release|Any CPU.ActiveCfg = Release|Win32
		{EA8DB2F9-BE88-4E1A-8EAE-F7D147FCA3B8}.Release|x64.ActiveCfg = Release|x64
		{EA8DB2F9-BE88-4E1A-8EAE-F7D147FCA3B8}.Release|x64.Build.0 = Release|x64
		{EA8DB2F9-BE88-4E1A-8EAE-F7D147FCA3B8}.Release|x86.ActiveCfg = Release|Win32
		{EA8DB2F9-BE88-4E1A-8EAE-F7D147FCA3B8}.Release|x86.Build.0 = Release|Win32
		{B9B8A503-13E4-4F17-B59D-92452C927198}.Debug|Any CPU.ActiveCfg = Debug|Win32
		{B9B8A503-13E4-4F17-B59D-92452C927198}.Debug|x64.ActiveCfg = Debug|x64
		{B9B8A503-13E4-4F17-B59D-92452C927198}.Debug|x64.Build.0 = Debug|x64
		{B9B8A503-13E4-4F17-B59D-92452C927198}.Debug|x86.ActiveCfg = Debug|Win32
		{B9B8A503-13E4-4F17-B59D-92452C927198}.Debug|x86.Build.0 = Debug|Win32
		{B9B8A503-13E4-4F17-B59D-92452C927198}.Release|Any CPU.ActiveCfg = Release|Win32
		{B9B8A503-13E4-4F17-B59D-92452C927198}.Release|x64.ActiveCfg = Release|x64
		{B9B8A503-13E4-4F17-B59D-92452C927198}.Release|x64.Build.0 = Release|x64
		{B9B8A503-13E4-4F17-B59D-92452C927198}.Release|x86.ActiveCfg = Release|Win32
		{B9B8A503-13E4-4F17-B59D-92452C927198}.Release|x86.Build.0 = Release|Win32
		{FC3A40B9-2EBF-4142-B130-011738408399}.Debug|Any CPU.ActiveCfg = Debug|Any CPU
		{FC3A40B9-2EBF-4142-B130-011738408399}.Debug|Any CPU.Build.0 = Debug|Any CPU
		{FC3A40B9-2EBF-4142-B130-011738408399}.Debug|x64.ActiveCfg = Debug|Any CPU
		{FC3A40B9-2EBF-4142-B130-011738408399}.Debug|x64.Build.0 = Debug|Any CPU
		{FC3A40B9-2EBF-4142-B130-011738408399}.Debug|x86.ActiveCfg = Debug|Any CPU
		{FC3A40B9-2EBF-4142-B130-011738408399}.Debug|x86.Build.0 = Debug|Any CPU
		{FC3A40B9-2EBF-4142-B130-011738408399}.Release|Any CPU.ActiveCfg = Release|Any CPU
		{FC3A40B9-2EBF-4142-B130-011738408399}.Release|Any CPU.Build.0 = Release|Any CPU
		{FC3A40B9-2EBF-4142-B130-011738408399}.Release|x64.ActiveCfg = Release|Any CPU
		{FC3A40B9-2EBF-4142-B130-011738408399}.Release|x64.Build.0 = Release|Any CPU
		{FC3A40B9-2EBF-4142-B130-011738408399}.Release|x86.ActiveCfg = Release|Any CPU
		{FC3A40B9-2EBF-4142-B130-011738408399}.Release|x86.Build.0 = Release|Any CPU
		{32A5EF58-410B-41C2-9BDE-E709F2105C2B}.Debug|Any CPU.ActiveCfg = Debug|Any CPU
		{32A5EF58-410B-41C2-9BDE-E709F2105C2B}.Debug|Any CPU.Build.0 = Debug|Any CPU
		{32A5EF58-410B-41C2-9BDE-E709F2105C2B}.Debug|x64.ActiveCfg = Debug|Any CPU
		{32A5EF58-410B-41C2-9BDE-E709F2105C2B}.Debug|x64.Build.0 = Debug|Any CPU
		{32A5EF58-410B-41C2-9BDE-E709F2105C2B}.Debug|x86.ActiveCfg = Debug|Any CPU
		{32A5EF58-410B-41C2-9BDE-E709F2105C2B}.Debug|x86.Build.0 = Debug|Any CPU
		{32A5EF58-410B-41C2-9BDE-E709F2105C2B}.Release|Any CPU.ActiveCfg = Release|Any CPU
		{32A5EF58-410B-41C2-9BDE-E709F2105C2B}.Release|Any CPU.Build.0 = Release|Any CPU
		{32A5EF58-410B-41C2-9BDE-E709F2105C2B}.Release|x64.ActiveCfg = Release|Any CPU
		{32A5EF58-410B-41C2-9BDE-E709F2105C2B}.Release|x64.Build.0 = Release|Any CPU
		{32A5EF58-410B-41C2-9BDE-E709F2105C2B}.Release|x86.ActiveCfg = Release|Any CPU
		{32A5EF58-410B-41C2-9BDE-E709F2105C2B}.Release|x86.Build.0 = Release|Any CPU
		{3E915537-8C2E-4331-B4DC-BE182E9B32F1}.Debug|Any CPU.ActiveCfg = Debug|Any CPU
		{3E915537-8C2E-4331-B4DC-BE182E9B32F1}.Debug|Any CPU.Build.0 = Debug|Any CPU
		{3E915537-8C2E-4331-B4DC-BE182E9B32F1}.Debug|x64.ActiveCfg = Debug|Any CPU
		{3E915537-8C2E-4331-B4DC-BE182E9B32F1}.Debug|x64.Build.0 = Debug|Any CPU
		{3E915537-8C2E-4331-B4DC-BE182E9B32F1}.Debug|x86.ActiveCfg = Debug|Any CPU
		{3E915537-8C2E-4331-B4DC-BE182E9B32F1}.Debug|x86.Build.0 = Debug|Any CPU
		{3E915537-8C2E-4331-B4DC-BE182E9B32F1}.Release|Any CPU.ActiveCfg = Release|Any CPU
		{3E915537-8C2E-4331-B4DC-BE182E9B32F1}.Release|Any CPU.Build.0 = Release|Any CPU
		{3E915537-8C2E-4331-B4DC-BE182E9B32F1}.Release|x64.ActiveCfg = Release|Any CPU
		{3E915537-8C2E-4331-B4DC-BE182E9B32F1}.Release|x64.Build.0 = Release|Any CPU
		{3E915537-8C2E-4331-B4DC-BE182E9B32F1}.Release|x86.ActiveCfg = Release|Any CPU
		{3E915537-8C2E-4331-B4DC-BE182E9B32F1}.Release|x86.Build.0 = Release|Any CPU
	EndGlobalSection
	GlobalSection(SolutionProperties) = preSolution
		HideSolutionNode = FALSE
	EndGlobalSection
	GlobalSection(ExtensibilityGlobals) = postSolution
		SolutionGuid = {AD978760-A920-4743-A650-80F31A13890C}
	EndGlobalSection
EndGlobal
